{
  "requires": true,
  "lockfileVersion": 1,
  "dependencies": {
    "@ionic-native/file": {
      "version": "4.3.3",
      "resolved": "https://registry.npmjs.org/@ionic-native/file/-/file-4.3.3.tgz",
      "integrity": "sha512-r273zw1gkgGTmlapyJnh31Yemt1P8u1CnTtiZGr3oC/BdlSvLppR7ONW7KbsAxA31UIDAXG+mXP3EqEP2AtVvw=="
    }
  }
}
